
Microsoft Visual Studio Solution File, Format Version 12.00
# Visual Studio Version 16
VisualStudioVersion = 16.0.29905.134
MinimumVisualStudioVersion = 10.0.40219.1
Project("{FAE04EC0-301F-11D3-BF4B-00C04F79EFBC}") = "WebAppPedidos", "WebAppPedidos\WebAppPedidos.csproj", "{3332C023-B93D-4DD4-A8F6-F5C9B2F941B0}"
EndProject
Global
	GlobalSection(SolutionConfigurationPlatforms) = preSolution
		Debug|Any CPU = Debug|Any CPU
		Release|Any CPU = Release|Any CPU
	EndGlobalSection
	GlobalSection(ProjectConfigurationPlatforms) = postSolution
		{3332C023-B93D-4DD4-A8F6-F5C9B2F941B0}.Debug|Any CPU.ActiveCfg = Debug|Any CPU
		{3332C023-B93D-4DD4-A8F6-F5C9B2F941B0}.Debug|Any CPU.Build.0 = Debug|Any CPU
		{3332C023-B93D-4DD4-A8F6-F5C9B2F941B0}.Release|Any CPU.ActiveCfg = Release|Any CPU
		{3332C023-B93D-4DD4-A8F6-F5C9B2F941B0}.Release|Any CPU.Build.0 = Release|Any CPU
	EndGlobalSection
	GlobalSection(SolutionProperties) = preSolution
		HideSolutionNode = FALSE
	EndGlobalSection
	GlobalSection(ExtensibilityGlobals) = postSolution
		SolutionGuid = {4F3D0FD2-29FF-444F-ACE0-C2BE17564455}
	EndGlobalSection
EndGlobal
